{
  "name": "lab4",
  "version": "1.0.0",
  "lockfileVersion": 1,
  "requires": true,
  "dependencies": {
    "@reactivex/rxjs": {
      "version": "5.5.8",
      "resolved": "https://registry.npmjs.org/@reactivex/rxjs/-/rxjs-5.5.8.tgz",
      "integrity": "sha512-6tQKFHZQmHwyjzxoLYFq4UfoJHKWME7i4/dQWYa34dq/BMEp3NFBpXO46O47gGRv8v6B7Yv1v41ohJouY5Phvw==",
      "requires": {
        "symbol-observable": "1.0.1"
      }
    },
    "symbol-observable": {
      "version": "1.0.1",
      "resolved": "https://registry.npmjs.org/symbol-observable/-/symbol-observable-1.0.1.tgz",
      "integrity": "sha1-g0D8RwLDEi310iKI+IKD9RPT/dQ="
    }
  }
}
